// !$*UTF8*$!
{
	archiveVersion = 1;
	classes = {
	};
	objectVersion = 50;
	objects = {

/* Begin PBXBuildFile section */
		7319586E250205AB0026B052 /* AudioEngineObservable.swift in Sources */ = {isa = PBXBuildFile; fileRef = 7319586C250205AB0026B052 /* AudioEngineObservable.swift */; };
		7319586F250205AB0026B052 /* AudioEngineManager.swift in Sources */ = {isa = PBXBuildFile; fileRef = 7319586D250205AB0026B052 /* AudioEngineManager.swift */; };
		73195871250205B50026B052 /* Atomic.swift in Sources */ = {isa = PBXBuildFile; fileRef = 73195870250205B50026B052 /* Atomic.swift */; };
		7365082A24628EDE00EF4549 /* DataStreamPlayerState.swift in Sources */ = {isa = PBXBuildFile; fileRef = 7365080924628EDD00EF4549 /* DataStreamPlayerState.swift */; };
		7365082B24628EDE00EF4549 /* DataStreamPlayer.swift in Sources */ = {isa = PBXBuildFile; fileRef = 7365080A24628EDD00EF4549 /* DataStreamPlayer.swift */; };
		7365082C24628EDE00EF4549 /* DataStreamPlayerDelegate.swift in Sources */ = {isa = PBXBuildFile; fileRef = 7365080B24628EDD00EF4549 /* DataStreamPlayerDelegate.swift */; };
		7365082D24628EDE00EF4549 /* SilverTray.h in Headers */ = {isa = PBXBuildFile; fileRef = 7365080C24628EDD00EF4549 /* SilverTray.h */; settings = {ATTRIBUTES = (Public, ); }; };
		7365082E24628EDE00EF4549 /* Codec.swift in Sources */ = {isa = PBXBuildFile; fileRef = 7365080D24628EDD00EF4549 /* Codec.swift */; };
		7365082F24628EDE00EF4549 /* DataStreamPlayerError.swift in Sources */ = {isa = PBXBuildFile; fileRef = 7365080E24628EDD00EF4549 /* DataStreamPlayerError.swift */; };
		7365083224628EDE00EF4549 /* Collection+Convenience.swift in Sources */ = {isa = PBXBuildFile; fileRef = 7365081324628EDD00EF4549 /* Collection+Convenience.swift */; };
		7365083324628EDE00EF4549 /* AudioDecodable.swift in Sources */ = {isa = PBXBuildFile; fileRef = 7365081524628EDD00EF4549 /* AudioDecodable.swift */; };
		7365083424628EDE00EF4549 /* OpusDecoder.swift in Sources */ = {isa = PBXBuildFile; fileRef = 7365081624628EDD00EF4549 /* OpusDecoder.swift */; };
		7365083524628EDE00EF4549 /* opus.h in Headers */ = {isa = PBXBuildFile; fileRef = 7365081A24628EDD00EF4549 /* opus.h */; settings = {ATTRIBUTES = (Public, ); }; };
		7365083624628EDE00EF4549 /* opus_multistream.h in Headers */ = {isa = PBXBuildFile; fileRef = 7365081B24628EDD00EF4549 /* opus_multistream.h */; settings = {ATTRIBUTES = (Public, ); }; };
		7365083724628EDE00EF4549 /* opus_custom.h in Headers */ = {isa = PBXBuildFile; fileRef = 7365081C24628EDD00EF4549 /* opus_custom.h */; settings = {ATTRIBUTES = (Public, ); }; };
		7365083824628EDE00EF4549 /* opus_types.h in Headers */ = {isa = PBXBuildFile; fileRef = 7365081D24628EDD00EF4549 /* opus_types.h */; settings = {ATTRIBUTES = (Public, ); }; };
		7365083924628EDE00EF4549 /* opus_defines.h in Headers */ = {isa = PBXBuildFile; fileRef = 7365081E24628EDD00EF4549 /* opus_defines.h */; settings = {ATTRIBUTES = (Public, ); }; };
		7365083A24628EDE00EF4549 /* opus_projection.h in Headers */ = {isa = PBXBuildFile; fileRef = 7365081F24628EDD00EF4549 /* opus_projection.h */; settings = {ATTRIBUTES = (Public, ); }; };
		7365083D24628EDE00EF4549 /* libopus.a in Frameworks */ = {isa = PBXBuildFile; fileRef = 7365082624628EDD00EF4549 /* libopus.a */; };
		73650889246D4F3C00EF4549 /* SilverTray.swift in Sources */ = {isa = PBXBuildFile; fileRef = 73650888246D4F3C00EF4549 /* SilverTray.swift */; };
		7E553C76251326F0008E4D89 /* STUnifiedErrorCatcher.h in Headers */ = {isa = PBXBuildFile; fileRef = 7E553C74251326F0008E4D89 /* STUnifiedErrorCatcher.h */; settings = {ATTRIBUTES = (Public, ); }; };
		7E553C77251326F0008E4D89 /* STUnifiedErrorCatcher.m in Sources */ = {isa = PBXBuildFile; fileRef = 7E553C75251326F0008E4D89 /* STUnifiedErrorCatcher.m */; };
/* End PBXBuildFile section */

/* Begin PBXFileReference section */
		7319586C250205AB0026B052 /* AudioEngineObservable.swift */ = {isa = PBXFileReference; fileEncoding = 4; lastKnownFileType = sourcecode.swift; path = AudioEngineObservable.swift; sourceTree = "<group>"; };
		7319586D250205AB0026B052 /* AudioEngineManager.swift */ = {isa = PBXFileReference; fileEncoding = 4; lastKnownFileType = sourcecode.swift; path = AudioEngineManager.swift; sourceTree = "<group>"; };
		73195870250205B50026B052 /* Atomic.swift */ = {isa = PBXFileReference; fileEncoding = 4; lastKnownFileType = sourcecode.swift; path = Atomic.swift; sourceTree = "<group>"; };
		736507FD24628E7B00EF4549 /* SilverTray.framework */ = {isa = PBXFileReference; explicitFileType = wrapper.framework; includeInIndex = 0; path = SilverTray.framework; sourceTree = BUILT_PRODUCTS_DIR; };
		7365080124628E7B00EF4549 /* Info.plist */ = {isa = PBXFileReference; lastKnownFileType = text.plist.xml; path = Info.plist; sourceTree = "<group>"; };
		7365080924628EDD00EF4549 /* DataStreamPlayerState.swift */ = {isa = PBXFileReference; fileEncoding = 4; lastKnownFileType = sourcecode.swift; path = DataStreamPlayerState.swift; sourceTree = "<group>"; };
		7365080A24628EDD00EF4549 /* DataStreamPlayer.swift */ = {isa = PBXFileReference; fileEncoding = 4; lastKnownFileType = sourcecode.swift; path = DataStreamPlayer.swift; sourceTree = "<group>"; };
		7365080B24628EDD00EF4549 /* DataStreamPlayerDelegate.swift */ = {isa = PBXFileReference; fileEncoding = 4; lastKnownFileType = sourcecode.swift; path = DataStreamPlayerDelegate.swift; sourceTree = "<group>"; };
		7365080C24628EDD00EF4549 /* SilverTray.h */ = {isa = PBXFileReference; fileEncoding = 4; lastKnownFileType = sourcecode.c.h; path = SilverTray.h; sourceTree = "<group>"; };
		7365080D24628EDD00EF4549 /* Codec.swift */ = {isa = PBXFileReference; fileEncoding = 4; lastKnownFileType = sourcecode.swift; path = Codec.swift; sourceTree = "<group>"; };
		7365080E24628EDD00EF4549 /* DataStreamPlayerError.swift */ = {isa = PBXFileReference; fileEncoding = 4; lastKnownFileType = sourcecode.swift; path = DataStreamPlayerError.swift; sourceTree = "<group>"; };
		7365081324628EDD00EF4549 /* Collection+Convenience.swift */ = {isa = PBXFileReference; fileEncoding = 4; lastKnownFileType = sourcecode.swift; path = "Collection+Convenience.swift"; sourceTree = "<group>"; };
		7365081524628EDD00EF4549 /* AudioDecodable.swift */ = {isa = PBXFileReference; fileEncoding = 4; lastKnownFileType = sourcecode.swift; path = AudioDecodable.swift; sourceTree = "<group>"; };
		7365081624628EDD00EF4549 /* OpusDecoder.swift */ = {isa = PBXFileReference; fileEncoding = 4; lastKnownFileType = sourcecode.swift; path = OpusDecoder.swift; sourceTree = "<group>"; };
		7365081A24628EDD00EF4549 /* opus.h */ = {isa = PBXFileReference; fileEncoding = 4; lastKnownFileType = sourcecode.c.h; path = opus.h; sourceTree = "<group>"; };
		7365081B24628EDD00EF4549 /* opus_multistream.h */ = {isa = PBXFileReference; fileEncoding = 4; lastKnownFileType = sourcecode.c.h; path = opus_multistream.h; sourceTree = "<group>"; };
		7365081C24628EDD00EF4549 /* opus_custom.h */ = {isa = PBXFileReference; fileEncoding = 4; lastKnownFileType = sourcecode.c.h; path = opus_custom.h; sourceTree = "<group>"; };
		7365081D24628EDD00EF4549 /* opus_types.h */ = {isa = PBXFileReference; fileEncoding = 4; lastKnownFileType = sourcecode.c.h; path = opus_types.h; sourceTree = "<group>"; };
		7365081E24628EDD00EF4549 /* opus_defines.h */ = {isa = PBXFileReference; fileEncoding = 4; lastKnownFileType = sourcecode.c.h; path = opus_defines.h; sourceTree = "<group>"; };
		7365081F24628EDD00EF4549 /* opus_projection.h */ = {isa = PBXFileReference; fileEncoding = 4; lastKnownFileType = sourcecode.c.h; path = opus_projection.h; sourceTree = "<group>"; };
		7365082624628EDD00EF4549 /* libopus.a */ = {isa = PBXFileReference; lastKnownFileType = archive.ar; path = libopus.a; sourceTree = "<group>"; };
		7365082924628EDD00EF4549 /* SilverTray.modulemap */ = {isa = PBXFileReference; fileEncoding = 4; lastKnownFileType = "sourcecode.module-map"; path = SilverTray.modulemap; sourceTree = "<group>"; };
		73650888246D4F3C00EF4549 /* SilverTray.swift */ = {isa = PBXFileReference; fileEncoding = 4; lastKnownFileType = sourcecode.swift; path = SilverTray.swift; sourceTree = "<group>"; };
		7E553C74251326F0008E4D89 /* STUnifiedErrorCatcher.h */ = {isa = PBXFileReference; fileEncoding = 4; lastKnownFileType = sourcecode.c.h; path = STUnifiedErrorCatcher.h; sourceTree = "<group>"; };
		7E553C75251326F0008E4D89 /* STUnifiedErrorCatcher.m */ = {isa = PBXFileReference; fileEncoding = 4; lastKnownFileType = sourcecode.c.objc; path = STUnifiedErrorCatcher.m; sourceTree = "<group>"; };
/* End PBXFileReference section */

/* Begin PBXFrameworksBuildPhase section */
		736507FA24628E7B00EF4549 /* Frameworks */ = {
			isa = PBXFrameworksBuildPhase;
			buildActionMask = 2147483647;
			files = (
				7365083D24628EDE00EF4549 /* libopus.a in Frameworks */,
			);
			runOnlyForDeploymentPostprocessing = 0;
		};
/* End PBXFrameworksBuildPhase section */

/* Begin PBXGroup section */
		7319586B250205AB0026B052 /* Engine */ = {
			isa = PBXGroup;
			children = (
				7319586C250205AB0026B052 /* AudioEngineObservable.swift */,
				7319586D250205AB0026B052 /* AudioEngineManager.swift */,
			);
			path = Engine;
			sourceTree = "<group>";
		};
		736507F324628E7B00EF4549 = {
			isa = PBXGroup;
			children = (
				736507FF24628E7B00EF4549 /* SilverTray */,
				736507FE24628E7B00EF4549 /* Products */,
			);
			sourceTree = "<group>";
		};
		736507FE24628E7B00EF4549 /* Products */ = {
			isa = PBXGroup;
			children = (
				736507FD24628E7B00EF4549 /* SilverTray.framework */,
			);
			name = Products;
			sourceTree = "<group>";
		};
		736507FF24628E7B00EF4549 /* SilverTray */ = {
			isa = PBXGroup;
			children = (
				7365080824628EDD00EF4549 /* Classes */,
				7365081724628EDD00EF4549 /* Libraries */,
				7365082924628EDD00EF4549 /* SilverTray.modulemap */,
				7365080124628E7B00EF4549 /* Info.plist */,
			);
			path = SilverTray;
			sourceTree = "<group>";
		};
		7365080824628EDD00EF4549 /* Classes */ = {
			isa = PBXGroup;
			children = (
				7319586B250205AB0026B052 /* Engine */,
				73650888246D4F3C00EF4549 /* SilverTray.swift */,
				7365080924628EDD00EF4549 /* DataStreamPlayerState.swift */,
				7365080A24628EDD00EF4549 /* DataStreamPlayer.swift */,
				7365080B24628EDD00EF4549 /* DataStreamPlayerDelegate.swift */,
				7365080C24628EDD00EF4549 /* SilverTray.h */,
				7365080D24628EDD00EF4549 /* Codec.swift */,
				7365080E24628EDD00EF4549 /* DataStreamPlayerError.swift */,
				7365080F24628EDD00EF4549 /* Utils */,
				7365081224628EDD00EF4549 /* Extensions */,
				7365081424628EDD00EF4549 /* Decoders */,
			);
			path = Classes;
			sourceTree = "<group>";
		};
		7365080F24628EDD00EF4549 /* Utils */ = {
			isa = PBXGroup;
			children = (
				7E553C74251326F0008E4D89 /* STUnifiedErrorCatcher.h */,
				7E553C75251326F0008E4D89 /* STUnifiedErrorCatcher.m */,
				73195870250205B50026B052 /* Atomic.swift */,
			);
			path = Utils;
			sourceTree = "<group>";
		};
		7365081224628EDD00EF4549 /* Extensions */ = {
			isa = PBXGroup;
			children = (
				7365081324628EDD00EF4549 /* Collection+Convenience.swift */,
			);
			path = Extensions;
			sourceTree = "<group>";
		};
		7365081424628EDD00EF4549 /* Decoders */ = {
			isa = PBXGroup;
			children = (
				7365081524628EDD00EF4549 /* AudioDecodable.swift */,
				7365081624628EDD00EF4549 /* OpusDecoder.swift */,
			);
			path = Decoders;
			sourceTree = "<group>";
		};
		7365081724628EDD00EF4549 /* Libraries */ = {
			isa = PBXGroup;
			children = (
				7365081824628EDD00EF4549 /* Opus */,
			);
			path = Libraries;
			sourceTree = "<group>";
		};
		7365081824628EDD00EF4549 /* Opus */ = {
			isa = PBXGroup;
			children = (
				7365081924628EDD00EF4549 /* include */,
				7365082024628EDD00EF4549 /* Binary */,
			);
			path = Opus;
			sourceTree = "<group>";
		};
		7365081924628EDD00EF4549 /* include */ = {
			isa = PBXGroup;
			children = (
				7365081A24628EDD00EF4549 /* opus.h */,
				7365081B24628EDD00EF4549 /* opus_multistream.h */,
				7365081C24628EDD00EF4549 /* opus_custom.h */,
				7365081D24628EDD00EF4549 /* opus_types.h */,
				7365081E24628EDD00EF4549 /* opus_defines.h */,
				7365081F24628EDD00EF4549 /* opus_projection.h */,
			);
			path = include;
			sourceTree = "<group>";
		};
		7365082024628EDD00EF4549 /* Binary */ = {
			isa = PBXGroup;
			children = (
				7365082524628EDD00EF4549 /* iOS */,
			);
			path = Binary;
			sourceTree = "<group>";
		};
		7365082524628EDD00EF4549 /* iOS */ = {
			isa = PBXGroup;
			children = (
				7365082624628EDD00EF4549 /* libopus.a */,
			);
			path = iOS;
			sourceTree = "<group>";
		};
/* End PBXGroup section */

/* Begin PBXHeadersBuildPhase section */
		736507F824628E7B00EF4549 /* Headers */ = {
			isa = PBXHeadersBuildPhase;
			buildActionMask = 2147483647;
			files = (
				7365082D24628EDE00EF4549 /* SilverTray.h in Headers */,
				7365083924628EDE00EF4549 /* opus_defines.h in Headers */,
				7365083824628EDE00EF4549 /* opus_types.h in Headers */,
				7365083624628EDE00EF4549 /* opus_multistream.h in Headers */,
				7365083A24628EDE00EF4549 /* opus_projection.h in Headers */,
				7365083724628EDE00EF4549 /* opus_custom.h in Headers */,
				7365083524628EDE00EF4549 /* opus.h in Headers */,
				7E553C76251326F0008E4D89 /* STUnifiedErrorCatcher.h in Headers */,
			);
			runOnlyForDeploymentPostprocessing = 0;
		};
/* End PBXHeadersBuildPhase section */

/* Begin PBXNativeTarget section */
		736507FC24628E7B00EF4549 /* SilverTray */ = {
			isa = PBXNativeTarget;
			buildConfigurationList = 7365080524628E7B00EF4549 /* Build configuration list for PBXNativeTarget "SilverTray" */;
			buildPhases = (
				736507F824628E7B00EF4549 /* Headers */,
				736507F924628E7B00EF4549 /* Sources */,
				736507FA24628E7B00EF4549 /* Frameworks */,
				736507FB24628E7B00EF4549 /* Resources */,
			);
			buildRules = (
			);
			dependencies = (
			);
			name = SilverTray;
			productName = SilverTray;
			productReference = 736507FD24628E7B00EF4549 /* SilverTray.framework */;
			productType = "com.apple.product-type.framework";
		};
/* End PBXNativeTarget section */

/* Begin PBXProject section */
		736507F424628E7B00EF4549 /* Project object */ = {
			isa = PBXProject;
			attributes = {
				LastSwiftUpdateCheck = 1140;
				LastUpgradeCheck = 1140;
				ORGANIZATIONNAME = romain;
				TargetAttributes = {
					736507FC24628E7B00EF4549 = {
						CreatedOnToolsVersion = 11.4.1;
						LastSwiftMigration = 1170;
					};
				};
			};
			buildConfigurationList = 736507F724628E7B00EF4549 /* Build configuration list for PBXProject "SilverTray" */;
			compatibilityVersion = "Xcode 9.3";
			developmentRegion = en;
			hasScannedForEncodings = 0;
			knownRegions = (
				en,
				Base,
			);
			mainGroup = 736507F324628E7B00EF4549;
			productRefGroup = 736507FE24628E7B00EF4549 /* Products */;
			projectDirPath = "";
			projectRoot = "";
			targets = (
				736507FC24628E7B00EF4549 /* SilverTray */,
			);
		};
/* End PBXProject section */

/* Begin PBXResourcesBuildPhase section */
		736507FB24628E7B00EF4549 /* Resources */ = {
			isa = PBXResourcesBuildPhase;
			buildActionMask = 2147483647;
			files = (
			);
			runOnlyForDeploymentPostprocessing = 0;
		};
/* End PBXResourcesBuildPhase section */

/* Begin PBXSourcesBuildPhase section */
		736507F924628E7B00EF4549 /* Sources */ = {
			isa = PBXSourcesBuildPhase;
			buildActionMask = 2147483647;
			files = (
				7365082E24628EDE00EF4549 /* Codec.swift in Sources */,
				7365082C24628EDE00EF4549 /* DataStreamPlayerDelegate.swift in Sources */,
				7319586F250205AB0026B052 /* AudioEngineManager.swift in Sources */,
				73650889246D4F3C00EF4549 /* SilverTray.swift in Sources */,
				73195871250205B50026B052 /* Atomic.swift in Sources */,
				7365083224628EDE00EF4549 /* Collection+Convenience.swift in Sources */,
				7319586E250205AB0026B052 /* AudioEngineObservable.swift in Sources */,
				7365083324628EDE00EF4549 /* AudioDecodable.swift in Sources */,
				7365082B24628EDE00EF4549 /* DataStreamPlayer.swift in Sources */,
				7365082F24628EDE00EF4549 /* DataStreamPlayerError.swift in Sources */,
				7365082A24628EDE00EF4549 /* DataStreamPlayerState.swift in Sources */,
				7E553C77251326F0008E4D89 /* STUnifiedErrorCatcher.m in Sources */,
				7365083424628EDE00EF4549 /* OpusDecoder.swift in Sources */,
			);
			runOnlyForDeploymentPostprocessing = 0;
		};
/* End PBXSourcesBuildPhase section */

/* Begin XCBuildConfiguration section */
		7365080324628E7B00EF4549 /* Debug */ = {
			isa = XCBuildConfiguration;
			buildSettings = {
				ALWAYS_SEARCH_USER_PATHS = NO;
				CLANG_ANALYZER_NONNULL = YES;
				CLANG_ANALYZER_NUMBER_OBJECT_CONVERSION = YES_AGGRESSIVE;
				CLANG_CXX_LANGUAGE_STANDARD = "gnu++14";
				CLANG_CXX_LIBRARY = "libc++";
				CLANG_ENABLE_MODULES = YES;
				CLANG_ENABLE_OBJC_ARC = YES;
				CLANG_ENABLE_OBJC_WEAK = YES;
				CLANG_WARN_BLOCK_CAPTURE_AUTORELEASING = YES;
				CLANG_WARN_BOOL_CONVERSION = YES;
				CLANG_WARN_COMMA = YES;
				CLANG_WARN_CONSTANT_CONVERSION = YES;
				CLANG_WARN_DEPRECATED_OBJC_IMPLEMENTATIONS = YES;
				CLANG_WARN_DIRECT_OBJC_ISA_USAGE = YES_ERROR;
				CLANG_WARN_DOCUMENTATION_COMMENTS = YES;
				CLANG_WARN_EMPTY_BODY = YES;
				CLANG_WARN_ENUM_CONVERSION = YES;
				CLANG_WARN_INFINITE_RECURSION = YES;
				CLANG_WARN_INT_CONVERSION = YES;
				CLANG_WARN_NON_LITERAL_NULL_CONVERSION = YES;
				CLANG_WARN_OBJC_IMPLICIT_RETAIN_SELF = YES;
				CLANG_WARN_OBJC_LITERAL_CONVERSION = YES;
				CLANG_WARN_OBJC_ROOT_CLASS = YES_ERROR;
				CLANG_WARN_RANGE_LOOP_ANALYSIS = YES;
				CLANG_WARN_STRICT_PROTOTYPES = YES;
				CLANG_WARN_SUSPICIOUS_MOVE = YES;
				CLANG_WARN_UNGUARDED_AVAILABILITY = YES_AGGRESSIVE;
				CLANG_WARN_UNREACHABLE_CODE = YES;
				CLANG_WARN__DUPLICATE_METHOD_MATCH = YES;
				COPY_PHASE_STRIP = NO;
				CURRENT_PROJECT_VERSION = 1;
				DEBUG_INFORMATION_FORMAT = dwarf;
				ENABLE_STRICT_OBJC_MSGSEND = YES;
				ENABLE_TESTABILITY = YES;
				GCC_C_LANGUAGE_STANDARD = gnu11;
				GCC_DYNAMIC_NO_PIC = NO;
				GCC_NO_COMMON_BLOCKS = YES;
				GCC_OPTIMIZATION_LEVEL = 0;
				GCC_PREPROCESSOR_DEFINITIONS = (
					"DEBUG=1",
					"$(inherited)",
				);
				GCC_WARN_64_TO_32_BIT_CONVERSION = YES;
				GCC_WARN_ABOUT_RETURN_TYPE = YES_ERROR;
				GCC_WARN_UNDECLARED_SELECTOR = YES;
				GCC_WARN_UNINITIALIZED_AUTOS = YES_AGGRESSIVE;
				GCC_WARN_UNUSED_FUNCTION = YES;
				GCC_WARN_UNUSED_VARIABLE = YES;
				IPHONEOS_DEPLOYMENT_TARGET = 10.0;
				MTL_ENABLE_DEBUG_INFO = INCLUDE_SOURCE;
				MTL_FAST_MATH = YES;
				ONLY_ACTIVE_ARCH = YES;
				SDKROOT = iphoneos;
				SWIFT_ACTIVE_COMPILATION_CONDITIONS = DEBUG;
				SWIFT_OPTIMIZATION_LEVEL = "-Onone";
				VERSIONING_SYSTEM = "apple-generic";
				VERSION_INFO_PREFIX = "";
			};
			name = Debug;
		};
		7365080424628E7B00EF4549 /* Release */ = {
			isa = XCBuildConfiguration;
			buildSettings = {
				ALWAYS_SEARCH_USER_PATHS = NO;
				CLANG_ANALYZER_NONNULL = YES;
				CLANG_ANALYZER_NUMBER_OBJECT_CONVERSION = YES_AGGRESSIVE;
				CLANG_CXX_LANGUAGE_STANDARD = "gnu++14";
				CLANG_CXX_LIBRARY = "libc++";
				CLANG_ENABLE_MODULES = YES;
				CLANG_ENABLE_OBJC_ARC = YES;
				CLANG_ENABLE_OBJC_WEAK = YES;
				CLANG_WARN_BLOCK_CAPTURE_AUTORELEASING = YES;
				CLANG_WARN_BOOL_CONVERSION = YES;
				CLANG_WARN_COMMA = YES;
				CLANG_WARN_CONSTANT_CONVERSION = YES;
				CLANG_WARN_DEPRECATED_OBJC_IMPLEMENTATIONS = YES;
				CLANG_WARN_DIRECT_OBJC_ISA_USAGE = YES_ERROR;
				CLANG_WARN_DOCUMENTATION_COMMENTS = YES;
				CLANG_WARN_EMPTY_BODY = YES;
				CLANG_WARN_ENUM_CONVERSION = YES;
				CLANG_WARN_INFINITE_RECURSION = YES;
				CLANG_WARN_INT_CONVERSION = YES;
				CLANG_WARN_NON_LITERAL_NULL_CONVERSION = YES;
				CLANG_WARN_OBJC_IMPLICIT_RETAIN_SELF = YES;
				CLANG_WARN_OBJC_LITERAL_CONVERSION = YES;
				CLANG_WARN_OBJC_ROOT_CLASS = YES_ERROR;
				CLANG_WARN_RANGE_LOOP_ANALYSIS = YES;
				CLANG_WARN_STRICT_PROTOTYPES = YES;
				CLANG_WARN_SUSPICIOUS_MOVE = YES;
				CLANG_WARN_UNGUARDED_AVAILABILITY = YES_AGGRESSIVE;
				CLANG_WARN_UNREACHABLE_CODE = YES;
				CLANG_WARN__DUPLICATE_METHOD_MATCH = YES;
				COPY_PHASE_STRIP = NO;
				CURRENT_PROJECT_VERSION = 1;
				DEBUG_INFORMATION_FORMAT = "dwarf-with-dsym";
				ENABLE_NS_ASSERTIONS = NO;
				ENABLE_STRICT_OBJC_MSGSEND = YES;
				GCC_C_LANGUAGE_STANDARD = gnu11;
				GCC_NO_COMMON_BLOCKS = YES;
				GCC_WARN_64_TO_32_BIT_CONVERSION = YES;
				GCC_WARN_ABOUT_RETURN_TYPE = YES_ERROR;
				GCC_WARN_UNDECLARED_SELECTOR = YES;
				GCC_WARN_UNINITIALIZED_AUTOS = YES_AGGRESSIVE;
				GCC_WARN_UNUSED_FUNCTION = YES;
				GCC_WARN_UNUSED_VARIABLE = YES;
				IPHONEOS_DEPLOYMENT_TARGET = 10.0;
				MTL_ENABLE_DEBUG_INFO = NO;
				MTL_FAST_MATH = YES;
				SDKROOT = iphoneos;
				SWIFT_COMPILATION_MODE = wholemodule;
				SWIFT_OPTIMIZATION_LEVEL = "-O";
				VALIDATE_PRODUCT = YES;
				VERSIONING_SYSTEM = "apple-generic";
				VERSION_INFO_PREFIX = "";
			};
			name = Release;
		};
		7365080624628E7B00EF4549 /* Debug */ = {
			isa = XCBuildConfiguration;
			buildSettings = {
				CODE_SIGN_STYLE = Manual;
				DEFINES_MODULE = YES;
				DEVELOPMENT_TEAM = "";
				DYLIB_COMPATIBILITY_VERSION = 1;
				DYLIB_CURRENT_VERSION = 1;
				DYLIB_INSTALL_NAME_BASE = "@rpath";
				FRAMEWORK_SEARCH_PATHS = (
					"$(inherited)",
					"$(PROJECT_DIR)/Carthage/Build/iOS",
				);
				INFOPLIST_FILE = SilverTray/Info.plist;
				INSTALL_PATH = "$(LOCAL_LIBRARY_DIR)/Frameworks";
				LD_RUNPATH_SEARCH_PATHS = (
					"$(inherited)",
					"@executable_path/Frameworks",
					"@loader_path/Frameworks",
				);
				LIBRARY_SEARCH_PATHS = (
					"$(inherited)",
					"$(PROJECT_DIR)/SilverTray/Libraries/Opus/Binary/iOS",
				);
				MARKETING_VERSION = 1.1.1;
				MODULEMAP_FILE = "";
				OTHER_LDFLAGS = (
					"-Xlinker",
					"-w",
				);
				PRODUCT_BUNDLE_IDENTIFIER = com.sktelecom.romaine.SilverTray;
				PRODUCT_NAME = "$(TARGET_NAME:c99extidentifier)";
				PROVISIONING_PROFILE_SPECIFIER = "";
				"PROVISIONING_PROFILE_SPECIFIER[sdk=macosx*]" = "";
				SKIP_INSTALL = YES;
				SWIFT_VERSION = 5.0;
				TARGETED_DEVICE_FAMILY = "1,2";
			};
			name = Debug;
		};
		7365080724628E7B00EF4549 /* Release */ = {
			isa = XCBuildConfiguration;
			buildSettings = {
				CODE_SIGN_STYLE = Manual;
				DEFINES_MODULE = YES;
				DEVELOPMENT_TEAM = "";
				DYLIB_COMPATIBILITY_VERSION = 1;
				DYLIB_CURRENT_VERSION = 1;
				DYLIB_INSTALL_NAME_BASE = "@rpath";
				FRAMEWORK_SEARCH_PATHS = (
					"$(inherited)",
					"$(PROJECT_DIR)/Carthage/Build/iOS",
				);
				INFOPLIST_FILE = SilverTray/Info.plist;
				INSTALL_PATH = "$(LOCAL_LIBRARY_DIR)/Frameworks";
				LD_RUNPATH_SEARCH_PATHS = (
					"$(inherited)",
					"@executable_path/Frameworks",
					"@loader_path/Frameworks",
				);
				LIBRARY_SEARCH_PATHS = (
					"$(inherited)",
					"$(PROJECT_DIR)/SilverTray/Libraries/Opus/Binary/iOS",
				);
				MARKETING_VERSION = 1.1.1;
				MODULEMAP_FILE = "";
				OTHER_LDFLAGS = (
					"-Xlinker",
					"-w",
				);
				PRODUCT_BUNDLE_IDENTIFIER = com.sktelecom.romaine.SilverTray;
				PRODUCT_NAME = "$(TARGET_NAME:c99extidentifier)";
				PROVISIONING_PROFILE_SPECIFIER = "";
				"PROVISIONING_PROFILE_SPECIFIER[sdk=macosx*]" = "";
				SKIP_INSTALL = YES;
				SWIFT_VERSION = 5.0;
				TARGETED_DEVICE_FAMILY = "1,2";
			};
			name = Release;
		};
/* End XCBuildConfiguration section */

/* Begin XCConfigurationList section */
		736507F724628E7B00EF4549 /* Build configuration list for PBXProject "SilverTray" */ = {
			isa = XCConfigurationList;
			buildConfigurations = (
				7365080324628E7B00EF4549 /* Debug */,
				7365080424628E7B00EF4549 /* Release */,
			);
			defaultConfigurationIsVisible = 0;
			defaultConfigurationName = Release;
		};
		7365080524628E7B00EF4549 /* Build configuration list for PBXNativeTarget "SilverTray" */ = {
			isa = XCConfigurationList;
			buildConfigurations = (
				7365080624628E7B00EF4549 /* Debug */,
				7365080724628E7B00EF4549 /* Release */,
			);
			defaultConfigurationIsVisible = 0;
			defaultConfigurationName = Release;
		};
/* End XCConfigurationList section */
	};
	rootObject = 736507F424628E7B00EF4549 /* Project object */;
}
