PODS:
  - RxSwift (5.1.1)
  - SilverTray (1.2.4)

DEPENDENCIES:
  - RxSwift
  - SilverTray (from `../`)

SPEC REPOS:
  trunk:
    - RxSwift

EXTERNAL SOURCES:
  SilverTray:
    :path: "../"

SPEC CHECKSUMS:
  RxSwift: 81470a2074fa8780320ea5fe4102807cb7118178
  SilverTray: 3327f40af59e337611a0461aeb4e280893b107a6

PODFILE CHECKSUM: 6b2f3f2fe0bd9f6fc7ddfba1dcd5928fd7caa4fd

COCOAPODS: 1.9.3
