PODS:
  - RxSwift (6.1.0)
  - SilverTray (1.2.6)

DEPENDENCIES:
  - RxSwift
  - SilverTray (from `../`)

SPEC REPOS:
  trunk:
    - RxSwift

EXTERNAL SOURCES:
  SilverTray:
    :path: "../"

SPEC CHECKSUMS:
  RxSwift: a834e5c538e89eca0cae86f403f4fbf0336786ce
  SilverTray: d006036dd35c1b898497c28dbf06eddce6f1745d

PODFILE CHECKSUM: 6b2f3f2fe0bd9f6fc7ddfba1dcd5928fd7caa4fd

COCOAPODS: 1.10.0
