PODS:
  - RxSwift (6.2.0)
  - SilverTray (1.3.0)

DEPENDENCIES:
  - RxSwift
  - SilverTray (from `../`)

SPEC REPOS:
  trunk:
    - RxSwift

EXTERNAL SOURCES:
  SilverTray:
    :path: "../"

SPEC CHECKSUMS:
  RxSwift: d356ab7bee873611322f134c5f9ef379fa183d8f
  SilverTray: 8bb98ef9d1790ce1e5b298f2105bc41e17d07a79

PODFILE CHECKSUM: 1add22547dae950324b743fb476d0df3a0c024bf

COCOAPODS: 1.10.1
